<?xml version="1.0" encoding="utf-8"?>
<Project ToolsVersion="4.0" xmlns="http://schemas.microsoft.com/developer/msbuild/2003">
  <ItemGroup>
    <ClCompile Include="BasicLoader.cpp" />
    <ClCompile Include="BasicReaderWriter.cpp" />
    <ClCompile Include="DDSTextureLoader.cpp" />
    <ClCompile Include="Door.cpp" />
    <ClCompile Include="Ground.cpp" />
    <ClCompile Include="pch.cpp" />
    <ClCompile Include="D2DBasicAnimation.cpp" />
    <ClCompile Include="Rock.cpp" />
    <ClCompile Include="SampleOverlay.cpp" />
    <ClCompile Include="DirectXBase.cpp" />
    <ClCompile Include="Tree.cpp" />
    <ClCompile Include="Water.cpp" />
    <ClCompile Include="BasicSprites.cpp" />
    <ClCompile Include="BasicTimer.cpp" />
    <ClCompile Include="DebugOverlay.cpp" />
    <ClCompile Include="SimpleController.cpp" />
    <ClCompile Include="LeftMargin.cpp" />
    <ClCompile Include="RightMargin.cpp" />
    <ClCompile Include="Player.cpp" />
    <ClCompile Include="Screen.cpp" />
  </ItemGroup>
  <ItemGroup>
    <ClInclude Include="BasicLoader.h" />
    <ClInclude Include="BasicReaderWriter.h" />
    <ClInclude Include="Constants.h" />
    <ClInclude Include="BaseGridSpace.h" />
    <ClInclude Include="DDSTextureLoader.h" />
    <ClInclude Include="Door.h" />
    <ClInclude Include="Ground.h" />
    <ClInclude Include="Rock.h" />
    <ClInclude Include="pch.h" />
    <ClInclude Include="D2DBasicAnimation.h" />
    <ClInclude Include="DirectXSample.h" />
    <ClInclude Include="SampleOverlay.h" />
    <ClInclude Include="DirectXBase.h" />
    <ClInclude Include="Tree.h" />
    <ClInclude Include="Water.h" />
    <ClInclude Include="BasicSprites.h" />
    <ClInclude Include="BasicTimer.h" />
    <ClInclude Include="BasicMath.h" />
    <ClInclude Include="BasicShapes.h" />
    <ClInclude Include="SimpleSprites.h" />
    <ClInclude Include="DebugOverlay.h" />
    <ClInclude Include="SimpleController.h" />
    <ClInclude Include="ScreenBuilder.h" />
    <ClInclude Include="LeftMargin.h" />
    <ClInclude Include="RightMargin.h" />
    <ClInclude Include="Player.h" />
    <ClInclude Include="World.h" />
    <ClInclude Include="Screen.h" />
    <ClInclude Include="TreeData.h" />
    <ClInclude Include="RockData.h" />
    <ClInclude Include="WaterData.h" />
    <ClInclude Include="GrassData.h" />
    <ClInclude Include="StoneWallData.h" />
    <ClInclude Include="OrchiData.h" />
    <ClInclude Include="BaseSpriteData.h" />
  </ItemGroup>
  <ItemGroup>
    <Image Include="squaretile-sdk.png" />
    <Image Include="smalltile-sdk.png" />
    <Image Include="storelogo-sdk.png" />
    <Image Include="splash-sdk.png" />
    <Image Include="windowsbig-sdk.png" />
    <Image Include="ida.dds" />
    <Image Include="tree.dds" />
    <Image Include="rock.dds" />
    <Image Include="water.dds" />
    <Image Include="grass.dds" />
    <Image Include="stonewall.dds" />
    <Image Include="link.dds" />
  </ItemGroup>
  <ItemGroup>
    <AppxManifest Include="Package.AppxManifest" />
  </ItemGroup>
  <ItemGroup>
    <Filter Include="BasicLoader">
      <UniqueIdentifier>{f098d20a-c049-4e43-b404-6bbcf6749b8c}</UniqueIdentifier>
    </Filter>
  </ItemGroup>
  <ItemGroup>
    <FxCompile Include="BasicSprites.GeometryShader.gs.hlsl" />
    <FxCompile Include="BasicSprites.GeometryShader.vs.hlsl" />
    <FxCompile Include="BasicSprites.Instancing.vs.hlsl" />
    <FxCompile Include="BasicSprites.ps.hlsl" />
    <FxCompile Include="BasicSprites.Replication.vs.hlsl" />
  </ItemGroup>
  <ItemGroup>
    <Text Include="README.txt" />
  </ItemGroup>
</Project>